
Microsoft Visual Studio Solution File, Format Version 12.00
# Visual Studio 14
VisualStudioVersion = 14.0.25420.1
MinimumVisualStudioVersion = 10.0.40219.1
Project("{FAE04EC0-301F-11D3-BF4B-00C04F79EFBC}") = "First", "First\First.csproj", "{4CF67E34-0F50-47CD-96FE-D08DAF9445B3}"
EndProject
Project("{FAE04EC0-301F-11D3-BF4B-00C04F79EFBC}") = "Sormiharjoitukset", "Sormiharjoitukset\Sormiharjoitukset.csproj", "{FC37E068-AECA-4BBE-8249-314DFED70A65}"
EndProject
Project("{FAE04EC0-301F-11D3-BF4B-00C04F79EFBC}") = "OlioidenPerusteet", "OlioidenPerusteet\OlioidenPerusteet.csproj", "{E9CCB1F2-D110-4FB8-92F4-B8FCD1353587}"
EndProject
Project("{FAE04EC0-301F-11D3-BF4B-00C04F79EFBC}") = "KapselointiJaPerintä", "KapselointiJaPerintä\KapselointiJaPerintä.csproj", "{D1A51D9F-5AA2-4170-BB89-9C29C7567603}"
EndProject
Project("{FAE04EC0-301F-11D3-BF4B-00C04F79EFBC}") = "Labra5", "Labra5\Labra5.csproj", "{204F0A08-1E31-42D1-B885-4AB8EE5510C9}"
EndProject
Project("{FAE04EC0-301F-11D3-BF4B-00C04F79EFBC}") = "Labra6Teht1", "Labra6Teht1\Labra6Teht1.csproj", "{0634848A-7234-46D5-89F1-C06E9C4D306D}"
EndProject
Project("{FAE04EC0-301F-11D3-BF4B-00C04F79EFBC}") = "Yksikkötestaus", "Yksikkötestaus\Yksikkötestaus.csproj", "{ED4628A5-61FC-4FB9-91A7-BB9B3634337D}"
EndProject
Project("{FAE04EC0-301F-11D3-BF4B-00C04F79EFBC}") = "Wpfteht1", "Wpfteht1\Wpfteht1.csproj", "{0BF3810E-7BDE-428A-9787-AE561714110D}"
EndProject
Project("{FAE04EC0-301F-11D3-BF4B-00C04F79EFBC}") = "Wpfteht2", "Wpfteht2\Wpfteht2.csproj", "{191C0222-65AD-4AE4-8CDF-D96FB91917B5}"
EndProject
Project("{FAE04EC0-301F-11D3-BF4B-00C04F79EFBC}") = "Wpfteht3", "Wpfteht3\Wpfteht3.csproj", "{343ACE4C-D982-4DD0-AFE9-394E173C523C}"
EndProject
Global
	GlobalSection(SolutionConfigurationPlatforms) = preSolution
		Debug|Any CPU = Debug|Any CPU
		Release|Any CPU = Release|Any CPU
	EndGlobalSection
	GlobalSection(ProjectConfigurationPlatforms) = postSolution
		{4CF67E34-0F50-47CD-96FE-D08DAF9445B3}.Debug|Any CPU.ActiveCfg = Debug|Any CPU
		{4CF67E34-0F50-47CD-96FE-D08DAF9445B3}.Debug|Any CPU.Build.0 = Debug|Any CPU
		{4CF67E34-0F50-47CD-96FE-D08DAF9445B3}.Release|Any CPU.ActiveCfg = Release|Any CPU
		{4CF67E34-0F50-47CD-96FE-D08DAF9445B3}.Release|Any CPU.Build.0 = Release|Any CPU
		{FC37E068-AECA-4BBE-8249-314DFED70A65}.Debug|Any CPU.ActiveCfg = Debug|Any CPU
		{FC37E068-AECA-4BBE-8249-314DFED70A65}.Debug|Any CPU.Build.0 = Debug|Any CPU
		{FC37E068-AECA-4BBE-8249-314DFED70A65}.Release|Any CPU.ActiveCfg = Release|Any CPU
		{FC37E068-AECA-4BBE-8249-314DFED70A65}.Release|Any CPU.Build.0 = Release|Any CPU
		{E9CCB1F2-D110-4FB8-92F4-B8FCD1353587}.Debug|Any CPU.ActiveCfg = Debug|Any CPU
		{E9CCB1F2-D110-4FB8-92F4-B8FCD1353587}.Debug|Any CPU.Build.0 = Debug|Any CPU
		{E9CCB1F2-D110-4FB8-92F4-B8FCD1353587}.Release|Any CPU.ActiveCfg = Release|Any CPU
		{E9CCB1F2-D110-4FB8-92F4-B8FCD1353587}.Release|Any CPU.Build.0 = Release|Any CPU
		{D1A51D9F-5AA2-4170-BB89-9C29C7567603}.Debug|Any CPU.ActiveCfg = Debug|Any CPU
		{D1A51D9F-5AA2-4170-BB89-9C29C7567603}.Debug|Any CPU.Build.0 = Debug|Any CPU
		{D1A51D9F-5AA2-4170-BB89-9C29C7567603}.Release|Any CPU.ActiveCfg = Release|Any CPU
		{D1A51D9F-5AA2-4170-BB89-9C29C7567603}.Release|Any CPU.Build.0 = Release|Any CPU
		{204F0A08-1E31-42D1-B885-4AB8EE5510C9}.Debug|Any CPU.ActiveCfg = Debug|Any CPU
		{204F0A08-1E31-42D1-B885-4AB8EE5510C9}.Debug|Any CPU.Build.0 = Debug|Any CPU
		{204F0A08-1E31-42D1-B885-4AB8EE5510C9}.Release|Any CPU.ActiveCfg = Release|Any CPU
		{204F0A08-1E31-42D1-B885-4AB8EE5510C9}.Release|Any CPU.Build.0 = Release|Any CPU
		{0634848A-7234-46D5-89F1-C06E9C4D306D}.Debug|Any CPU.ActiveCfg = Debug|Any CPU
		{0634848A-7234-46D5-89F1-C06E9C4D306D}.Debug|Any CPU.Build.0 = Debug|Any CPU
		{0634848A-7234-46D5-89F1-C06E9C4D306D}.Release|Any CPU.ActiveCfg = Release|Any CPU
		{0634848A-7234-46D5-89F1-C06E9C4D306D}.Release|Any CPU.Build.0 = Release|Any CPU
		{ED4628A5-61FC-4FB9-91A7-BB9B3634337D}.Debug|Any CPU.ActiveCfg = Debug|Any CPU
		{ED4628A5-61FC-4FB9-91A7-BB9B3634337D}.Debug|Any CPU.Build.0 = Debug|Any CPU
		{ED4628A5-61FC-4FB9-91A7-BB9B3634337D}.Release|Any CPU.ActiveCfg = Release|Any CPU
		{ED4628A5-61FC-4FB9-91A7-BB9B3634337D}.Release|Any CPU.Build.0 = Release|Any CPU
		{0BF3810E-7BDE-428A-9787-AE561714110D}.Debug|Any CPU.ActiveCfg = Debug|Any CPU
		{0BF3810E-7BDE-428A-9787-AE561714110D}.Debug|Any CPU.Build.0 = Debug|Any CPU
		{0BF3810E-7BDE-428A-9787-AE561714110D}.Release|Any CPU.ActiveCfg = Release|Any CPU
		{0BF3810E-7BDE-428A-9787-AE561714110D}.Release|Any CPU.Build.0 = Release|Any CPU
		{191C0222-65AD-4AE4-8CDF-D96FB91917B5}.Debug|Any CPU.ActiveCfg = Debug|Any CPU
		{191C0222-65AD-4AE4-8CDF-D96FB91917B5}.Debug|Any CPU.Build.0 = Debug|Any CPU
		{191C0222-65AD-4AE4-8CDF-D96FB91917B5}.Release|Any CPU.ActiveCfg = Release|Any CPU
		{191C0222-65AD-4AE4-8CDF-D96FB91917B5}.Release|Any CPU.Build.0 = Release|Any CPU
		{343ACE4C-D982-4DD0-AFE9-394E173C523C}.Debug|Any CPU.ActiveCfg = Debug|Any CPU
		{343ACE4C-D982-4DD0-AFE9-394E173C523C}.Debug|Any CPU.Build.0 = Debug|Any CPU
		{343ACE4C-D982-4DD0-AFE9-394E173C523C}.Release|Any CPU.ActiveCfg = Release|Any CPU
		{343ACE4C-D982-4DD0-AFE9-394E173C523C}.Release|Any CPU.Build.0 = Release|Any CPU
	EndGlobalSection
	GlobalSection(SolutionProperties) = preSolution
		HideSolutionNode = FALSE
	EndGlobalSection
EndGlobal
